<?xml version="1.0" encoding="utf-8"?>
<Project ToolsVersion="4.0" xmlns="http://schemas.microsoft.com/developer/msbuild/2003">
  <ItemGroup>
    <Filter Include="Kairos">
      <UniqueIdentifier>{4EBCE8BD-3A5E-1394-2319-27E80F5A9AE4}</UniqueIdentifier>
    </Filter>
  </ItemGroup>
  <ItemGroup>
    <ClInclude Include="src\Kairos.h" />
    <ClInclude Include="src\Kairos\Application.h">
      <Filter>Kairos</Filter>
    </ClInclude>
    <ClInclude Include="src\Kairos\Core.h">
      <Filter>Kairos</Filter>
    </ClInclude>
    <ClInclude Include="src\Kairos\EntryPoint.h">
      <Filter>Kairos</Filter>
    </ClInclude>
    <ClInclude Include="src\Kairos\Log.h">
      <Filter>Kairos</Filter>
    </ClInclude>
  </ItemGroup>
  <ItemGroup>
    <ClCompile Include="src\Kairos\Application.cpp">
      <Filter>Kairos</Filter>
    </ClCompile>
    <ClCompile Include="src\Kairos\Log.cpp">
      <Filter>Kairos</Filter>
    </ClCompile>
  </ItemGroup>
</Project>